{
    "name": "lua-tmlanguage",
    "version": "1.0.0",
    "lockfileVersion": 2,
    "requires": true,
    "packages": {
        "": {
            "name": "lua-tmlanguage",
            "version": "1.0.0",
            "dependencies": {
                "plist": "latest"
            }
        },
        "node_modules/base64-js": {
            "version": "1.5.1",
            "resolved": "https://registry.npm.taobao.org/base64-js/download/base64-js-1.5.1.tgz",
            "integrity": "sha1-GxtEAWClv3rUC2UPCVljSBkDkwo=",
            "funding": [
                {
                    "type": "github",
                    "url": "https://github.com/sponsors/feross"
                },
                {
                    "type": "patreon",
                    "url": "https://www.patreon.com/feross"
                },
                {
                    "type": "consulting",
                    "url": "https://feross.org/support"
                }
            ]
        },
        "node_modules/plist": {
            "version": "3.0.4",
            "resolved": "https://registry.nlark.com/plist/download/plist-3.0.4.tgz",
            "integrity": "sha1-pi34N+Ou0rs7c1iZ1RDE8YYBnL4=",
            "dependencies": {
                "base64-js": "^1.5.1",
                "xmlbuilder": "^9.0.7"
            },
            "engines": {
                "node": ">=6"
            }
        },
        "node_modules/xmlbuilder": {
            "version": "9.0.7",
            "resolved": "https://registry.nlark.com/xmlbuilder/download/xmlbuilder-9.0.7.tgz",
            "integrity": "sha1-Ey7mPS7FVlxVfiD0wi35rKaGsQ0=",
            "engines": {
                "node": ">=4.0"
            }
        }
    },
    "dependencies": {
        "base64-js": {
            "version": "1.5.1",
            "resolved": "https://registry.npm.taobao.org/base64-js/download/base64-js-1.5.1.tgz",
            "integrity": "sha1-GxtEAWClv3rUC2UPCVljSBkDkwo="
        },
        "plist": {
            "version": "3.0.4",
            "resolved": "https://registry.nlark.com/plist/download/plist-3.0.4.tgz",
            "integrity": "sha1-pi34N+Ou0rs7c1iZ1RDE8YYBnL4=",
            "requires": {
                "base64-js": "^1.5.1",
                "xmlbuilder": "^9.0.7"
            }
        },
        "xmlbuilder": {
            "version": "9.0.7",
            "resolved": "https://registry.nlark.com/xmlbuilder/download/xmlbuilder-9.0.7.tgz",
            "integrity": "sha1-Ey7mPS7FVlxVfiD0wi35rKaGsQ0="
        }
    }
}
